
Microsoft Visual Studio Solution File, Format Version 12.00
# Visual Studio Version 17
VisualStudioVersion = 17.5.33516.290
MinimumVisualStudioVersion = 10.0.40219.1
Project("{FAE04EC0-301F-11D3-BF4B-00C04F79EFBC}") = "NewRazorApp", "NewRazorApp\NewRazorApp.csproj", "{DCF3BFA0-7E7E-465E-B02D-73AA7AF9C06E}"
EndProject
Global
	GlobalSection(SolutionConfigurationPlatforms) = preSolution
		Debug|Any CPU = Debug|Any CPU
		Release|Any CPU = Release|Any CPU
	EndGlobalSection
	GlobalSection(ProjectConfigurationPlatforms) = postSolution
		{DCF3BFA0-7E7E-465E-B02D-73AA7AF9C06E}.Debug|Any CPU.ActiveCfg = Debug|Any CPU
		{DCF3BFA0-7E7E-465E-B02D-73AA7AF9C06E}.Debug|Any CPU.Build.0 = Debug|Any CPU
		{DCF3BFA0-7E7E-465E-B02D-73AA7AF9C06E}.Release|Any CPU.ActiveCfg = Release|Any CPU
		{DCF3BFA0-7E7E-465E-B02D-73AA7AF9C06E}.Release|Any CPU.Build.0 = Release|Any CPU
	EndGlobalSection
	GlobalSection(SolutionProperties) = preSolution
		HideSolutionNode = FALSE
	EndGlobalSection
	GlobalSection(ExtensibilityGlobals) = postSolution
		SolutionGuid = {AB4EFCA6-29E6-4C7D-BD7C-F8F570528278}
	EndGlobalSection
EndGlobal
